
Microsoft Visual Studio Solution File, Format Version 12.00
# Visual Studio 15
VisualStudioVersion = 15.0.26730.12
MinimumVisualStudioVersion = 10.0.40219.1
Project("{FAE04EC0-301F-11D3-BF4B-00C04F79EFBC}") = "ProgramLogic", "ProgramLogic\ProgramLogic.csproj", "{42FD2FB9-7C12-45E4-86D3-948308DA437A}"
EndProject
Project("{FAE04EC0-301F-11D3-BF4B-00C04F79EFBC}") = "UtilsC", "UtilsC\UtilsC.csproj", "{35007973-36EB-4DCB-86B1-5ACCE504D2E1}"
EndProject
Project("{FAE04EC0-301F-11D3-BF4B-00C04F79EFBC}") = "UtilsF", "UtilsF\UtilsF.csproj", "{CF96AC87-FD6E-4F3E-AA6B-71219C37E896}"
EndProject
Project("{FAE04EC0-301F-11D3-BF4B-00C04F79EFBC}") = "10.1.1C", "10.1.1C\10.1.1C.csproj", "{B259EE22-F5F7-4852-9F83-B4DDB58A0B38}"
EndProject
Project("{FAE04EC0-301F-11D3-BF4B-00C04F79EFBC}") = "10.1.1F", "10.1.1F\10.1.1F.csproj", "{D6CF8C84-278C-40FE-85B1-B51791D26132}"
EndProject
Global
	GlobalSection(SolutionConfigurationPlatforms) = preSolution
		Debug|Any CPU = Debug|Any CPU
		Release|Any CPU = Release|Any CPU
	EndGlobalSection
	GlobalSection(ProjectConfigurationPlatforms) = postSolution
		{42FD2FB9-7C12-45E4-86D3-948308DA437A}.Debug|Any CPU.ActiveCfg = Debug|Any CPU
		{42FD2FB9-7C12-45E4-86D3-948308DA437A}.Debug|Any CPU.Build.0 = Debug|Any CPU
		{42FD2FB9-7C12-45E4-86D3-948308DA437A}.Release|Any CPU.ActiveCfg = Release|Any CPU
		{42FD2FB9-7C12-45E4-86D3-948308DA437A}.Release|Any CPU.Build.0 = Release|Any CPU
		{35007973-36EB-4DCB-86B1-5ACCE504D2E1}.Debug|Any CPU.ActiveCfg = Debug|Any CPU
		{35007973-36EB-4DCB-86B1-5ACCE504D2E1}.Debug|Any CPU.Build.0 = Debug|Any CPU
		{35007973-36EB-4DCB-86B1-5ACCE504D2E1}.Release|Any CPU.ActiveCfg = Release|Any CPU
		{35007973-36EB-4DCB-86B1-5ACCE504D2E1}.Release|Any CPU.Build.0 = Release|Any CPU
		{CF96AC87-FD6E-4F3E-AA6B-71219C37E896}.Debug|Any CPU.ActiveCfg = Debug|Any CPU
		{CF96AC87-FD6E-4F3E-AA6B-71219C37E896}.Debug|Any CPU.Build.0 = Debug|Any CPU
		{CF96AC87-FD6E-4F3E-AA6B-71219C37E896}.Release|Any CPU.ActiveCfg = Release|Any CPU
		{CF96AC87-FD6E-4F3E-AA6B-71219C37E896}.Release|Any CPU.Build.0 = Release|Any CPU
		{B259EE22-F5F7-4852-9F83-B4DDB58A0B38}.Debug|Any CPU.ActiveCfg = Debug|Any CPU
		{B259EE22-F5F7-4852-9F83-B4DDB58A0B38}.Debug|Any CPU.Build.0 = Debug|Any CPU
		{B259EE22-F5F7-4852-9F83-B4DDB58A0B38}.Release|Any CPU.ActiveCfg = Release|Any CPU
		{B259EE22-F5F7-4852-9F83-B4DDB58A0B38}.Release|Any CPU.Build.0 = Release|Any CPU
		{D6CF8C84-278C-40FE-85B1-B51791D26132}.Debug|Any CPU.ActiveCfg = Debug|Any CPU
		{D6CF8C84-278C-40FE-85B1-B51791D26132}.Debug|Any CPU.Build.0 = Debug|Any CPU
		{D6CF8C84-278C-40FE-85B1-B51791D26132}.Release|Any CPU.ActiveCfg = Release|Any CPU
		{D6CF8C84-278C-40FE-85B1-B51791D26132}.Release|Any CPU.Build.0 = Release|Any CPU
	EndGlobalSection
	GlobalSection(SolutionProperties) = preSolution
		HideSolutionNode = FALSE
	EndGlobalSection
	GlobalSection(ExtensibilityGlobals) = postSolution
		SolutionGuid = {380B4E29-F95F-44BE-A49A-22BF9B45D165}
	EndGlobalSection
EndGlobal
